{
  "pins" : [
    {
      "identity" : "cgeodesic",
      "kind" : "remoteSourceControl",
      "location" : "https://github.com/sbooth/CGeodesic",
      "state" : {
        "revision" : "21e5af22a355289ddb049b303fb4a04b33b6de79",
        "version" : "2.1.0"
      }
    },
    {
      "identity" : "geodesic",
      "kind" : "remoteSourceControl",
      "location" : "https://github.com/bitwise-aviator/Geodesic",
      "state" : {
        "branch" : "main",
        "revision" : "71356cd7126997519b8d4ea62a3e3f7ef3c208bb"
      }
    }
  ],
  "version" : 2
}
