{
  "pins" : [
    {
      "identity" : "cgeodesic",
      "kind" : "remoteSourceControl",
      "location" : "https://github.com/sbooth/CGeodesic",
      "state" : {
        "revision" : "21e5af22a355289ddb049b303fb4a04b33b6de79",
        "version" : "2.1.0"
      }
    },
    {
      "identity" : "geodesic",
      "kind" : "remoteSourceControl",
      "location" : "https://github.com/bitwise-aviator/Geodesic",
      "state" : {
        "branch" : "main",
        "revision" : "205c84cd816358f20628820cc14c56bc1c6820e2"
      }
    }
  ],
  "version" : 2
}
